
Microsoft Visual Studio Solution File, Format Version 12.00
# Visual Studio Version 17
VisualStudioVersion = 17.4.33213.308
MinimumVisualStudioVersion = 10.0.40219.1
Project("{FAE04EC0-301F-11D3-BF4B-00C04F79EFBC}") = "POCs", "POCs\POCs.csproj", "{7908E2F9-45E5-4FF8-B0CA-84F40F320476}"
EndProject
Global
	GlobalSection(SolutionConfigurationPlatforms) = preSolution
		Debug|Any CPU = Debug|Any CPU
		Release|Any CPU = Release|Any CPU
	EndGlobalSection
	GlobalSection(ProjectConfigurationPlatforms) = postSolution
		{7908E2F9-45E5-4FF8-B0CA-84F40F320476}.Debug|Any CPU.ActiveCfg = Debug|Any CPU
		{7908E2F9-45E5-4FF8-B0CA-84F40F320476}.Debug|Any CPU.Build.0 = Debug|Any CPU
		{7908E2F9-45E5-4FF8-B0CA-84F40F320476}.Release|Any CPU.ActiveCfg = Release|Any CPU
		{7908E2F9-45E5-4FF8-B0CA-84F40F320476}.Release|Any CPU.Build.0 = Release|Any CPU
	EndGlobalSection
	GlobalSection(SolutionProperties) = preSolution
		HideSolutionNode = FALSE
	EndGlobalSection
	GlobalSection(ExtensibilityGlobals) = postSolution
		SolutionGuid = {0F87F79A-ACEE-4032-9A24-1F5FF66AD446}
	EndGlobalSection
EndGlobal
